template: special_netease_unblock
description: 网易云音乐解锁 (仅规则, No-Urltest)
proxy_groups:
- name: Proxy
  type: select
  proxies:
  - '*'
- name: 🐟 漏网之鱼
  type: select
  proxies:
  - Proxy
  - DIRECT
rule_sets:
- rule: DOMAIN-SUFFIX,163.com,Proxy
- rule: DOMAIN-SUFFIX,126.net,Proxy
- rule: DOMAIN-SUFFIX,netease.com,Proxy
- rule: DOMAIN-SUFFIX,musicshy.com,Proxy
- rule: GEOIP,CN,DIRECT
- rule: MATCH,🐟 漏网之鱼
